hash: 57c9084174228766806f309e9f18b8055cb3733935812394782349e082a6f124
updated: 2016-11-23T15:24:01.764515821+09:00
imports:
- name: 9fans.net/go
  version: 65b8cf069318223b1e722b4b36e729e5e9bb9eab
  subpackages:
  - acme
  - plan9
  - plan9/client
- name: github.com/golang/example
  version: 324742add2041e12bee3312066da5f65b827819e
  subpackages:
  - stringutil
- name: github.com/golang/protobuf
  version: 8ee79997227bf9b34611aee7946ae64735e6fd93
  subpackages:
  - proto
- name: golang.org/x/net
  version: 4971afdc2f162e82d185353533d3cf16188a9f4e
  subpackages:
  - context
  - html
  - html/atom
  - websocket
- name: google.golang.org/appengine
  version: 150dc57a1b433e64154302bdc40b6bb8aefa313a
  subpackages:
  - datastore
  - internal
  - internal/app_identity
  - internal/base
  - internal/datastore
  - internal/log
  - internal/memcache
  - internal/modules
  - internal/remote_api
  - internal/urlfetch
  - internal/user
  - log
  - memcache
  - urlfetch
  - user
- name: gopkg.in/bsm/ratelimit.v1
  version: db14e161995a5177acef654cb0dd785e8ee8bc22
- name: gopkg.in/redis.v5
  version: c9856861674f102a5f51104c36401a3cf691739c
  subpackages:
  - internal
  - internal/consistenthash
  - internal/hashtag
  - internal/pool
  - internal/proto
testImports: []
